// !$*UTF8*$!
{
	archiveVersion = 1;
	classes = {
	};
	objectVersion = 55;
	objects = {

/* Begin PBXBuildFile section */
		B40A7E9228267DB60028FCE6 /* NewsFeedCellLayoutCalculator.swift in Sources */ = {isa = PBXBuildFile; fileRef = B40A7E9128267DB60028FCE6 /* NewsFeedCellLayoutCalculator.swift */; };
		B40A7E942827CD6F0028FCE6 /* StringExtension.swift in Sources */ = {isa = PBXBuildFile; fileRef = B40A7E932827CD6F0028FCE6 /* StringExtension.swift */; };
		B40A7E9628283C080028FCE6 /* NewsFeedCodeCell.swift in Sources */ = {isa = PBXBuildFile; fileRef = B40A7E9528283C080028FCE6 /* NewsFeedCodeCell.swift */; };
		B40A7E982828424F0028FCE6 /* Constraints.swift in Sources */ = {isa = PBXBuildFile; fileRef = B40A7E972828424F0028FCE6 /* Constraints.swift */; };
		B40A7E9A283288730028FCE6 /* Constants.swift in Sources */ = {isa = PBXBuildFile; fileRef = B40A7E99283288730028FCE6 /* Constants.swift */; };
		B41C76372823CAE7004A59D1 /* FeedResponse.swift in Sources */ = {isa = PBXBuildFile; fileRef = B41C76362823CAE7004A59D1 /* FeedResponse.swift */; };
		B41C76392823CFA4004A59D1 /* NetworkDataFetcher.swift in Sources */ = {isa = PBXBuildFile; fileRef = B41C76382823CFA4004A59D1 /* NetworkDataFetcher.swift */; };
		B45580822824426800D70DF4 /* NewsFeedPresenter.swift in Sources */ = {isa = PBXBuildFile; fileRef = B455807B2824426800D70DF4 /* NewsFeedPresenter.swift */; };
		B45580832824426800D70DF4 /* NewsFeedWorker.swift in Sources */ = {isa = PBXBuildFile; fileRef = B455807C2824426800D70DF4 /* NewsFeedWorker.swift */; };
		B45580842824426800D70DF4 /* NewsFeedRouter.swift in Sources */ = {isa = PBXBuildFile; fileRef = B455807D2824426800D70DF4 /* NewsFeedRouter.swift */; };
		B45580852824426800D70DF4 /* NewsFeedModels.swift in Sources */ = {isa = PBXBuildFile; fileRef = B455807E2824426800D70DF4 /* NewsFeedModels.swift */; };
		B45580862824426800D70DF4 /* NewsFeedViewController.swift in Sources */ = {isa = PBXBuildFile; fileRef = B455807F2824426800D70DF4 /* NewsFeedViewController.swift */; };
		B45580872824426800D70DF4 /* NewsFeedInteractor.swift in Sources */ = {isa = PBXBuildFile; fileRef = B45580802824426800D70DF4 /* NewsFeedInteractor.swift */; };
		B455808B2824FA7400D70DF4 /* NewsFeedViewController.storyboard in Resources */ = {isa = PBXBuildFile; fileRef = B455808A2824FA7400D70DF4 /* NewsFeedViewController.storyboard */; };
		B455808E28250E9A00D70DF4 /* NewsFeedCell.swift in Sources */ = {isa = PBXBuildFile; fileRef = B455808D28250E9A00D70DF4 /* NewsFeedCell.swift */; };
		B455809028250F3E00D70DF4 /* NewsFeedCell.xib in Resources */ = {isa = PBXBuildFile; fileRef = B455808F28250F3E00D70DF4 /* NewsFeedCell.xib */; };
		B455809228254F8200D70DF4 /* WebImageView.swift in Sources */ = {isa = PBXBuildFile; fileRef = B455809128254F8200D70DF4 /* WebImageView.swift */; };
		B48CEE2E281ABC4B00AF9C78 /* AppDelegate.swift in Sources */ = {isa = PBXBuildFile; fileRef = B48CEE2D281ABC4B00AF9C78 /* AppDelegate.swift */; };
		B48CEE30281ABC4B00AF9C78 /* SceneDelegate.swift in Sources */ = {isa = PBXBuildFile; fileRef = B48CEE2F281ABC4B00AF9C78 /* SceneDelegate.swift */; };
		B48CEE37281ABC5000AF9C78 /* Assets.xcassets in Resources */ = {isa = PBXBuildFile; fileRef = B48CEE36281ABC5000AF9C78 /* Assets.xcassets */; };
		B48CEE3A281ABC5000AF9C78 /* LaunchScreen.storyboard in Resources */ = {isa = PBXBuildFile; fileRef = B48CEE38281ABC5000AF9C78 /* LaunchScreen.storyboard */; };
		B48CEE44281BDF5400AF9C78 /* Pods_VKNews.framework in Frameworks */ = {isa = PBXBuildFile; fileRef = 4F265FD6AEA1D2F3F03C1105 /* Pods_VKNews.framework */; };
		B48CEE45281BDF5400AF9C78 /* Pods_VKNews.framework in Embed Frameworks */ = {isa = PBXBuildFile; fileRef = 4F265FD6AEA1D2F3F03C1105 /* Pods_VKNews.framework */; settings = {ATTRIBUTES = (CodeSignOnCopy, RemoveHeadersOnCopy, ); }; };
		B48CEE48281BE3C200AF9C78 /* AuthService.swift in Sources */ = {isa = PBXBuildFile; fileRef = B48CEE47281BE3C200AF9C78 /* AuthService.swift */; };
		B4D89059281C0EFA00563EC4 /* AuthViewController.swift in Sources */ = {isa = PBXBuildFile; fileRef = B4D89058281C0EFA00563EC4 /* AuthViewController.swift */; };
		B4D8905B281C0F0E00563EC4 /* AuthViewController.storyboard in Resources */ = {isa = PBXBuildFile; fileRef = B4D8905A281C0F0E00563EC4 /* AuthViewController.storyboard */; };
		B4D8905E281C185100563EC4 /* NetworkService.swift in Sources */ = {isa = PBXBuildFile; fileRef = B4D8905D281C185100563EC4 /* NetworkService.swift */; };
		B4D89060281C198900563EC4 /* API.swift in Sources */ = {isa = PBXBuildFile; fileRef = B4D8905F281C198900563EC4 /* API.swift */; };
		B4DC457C283E2E39008ACC70 /* GalleryCollectionView.swift in Sources */ = {isa = PBXBuildFile; fileRef = B4DC457B283E2E39008ACC70 /* GalleryCollectionView.swift */; };
		B4DC457E283E2FF1008ACC70 /* GalleryCollectionViewCell.swift in Sources */ = {isa = PBXBuildFile; fileRef = B4DC457D283E2FF1008ACC70 /* GalleryCollectionViewCell.swift */; };
		B4DC4580283E420D008ACC70 /* RowLayout.swift in Sources */ = {isa = PBXBuildFile; fileRef = B4DC457F283E420D008ACC70 /* RowLayout.swift */; };
		B4DC4583283F9A80008ACC70 /* TitleView.swift in Sources */ = {isa = PBXBuildFile; fileRef = B4DC4582283F9A80008ACC70 /* TitleView.swift */; };
		B4DC4585283F9C9A008ACC70 /* InsetableTextField.swift in Sources */ = {isa = PBXBuildFile; fileRef = B4DC4584283F9C9A008ACC70 /* InsetableTextField.swift */; };
		B4DC4587283FA752008ACC70 /* UserResponse.swift in Sources */ = {isa = PBXBuildFile; fileRef = B4DC4586283FA752008ACC70 /* UserResponse.swift */; };
/* End PBXBuildFile section */

/* Begin PBXCopyFilesBuildPhase section */
		B48CEE46281BDF5400AF9C78 /* Embed Frameworks */ = {
			isa = PBXCopyFilesBuildPhase;
			buildActionMask = 2147483647;
			dstPath = "";
			dstSubfolderSpec = 10;
			files = (
				B48CEE45281BDF5400AF9C78 /* Pods_VKNews.framework in Embed Frameworks */,
			);
			name = "Embed Frameworks";
			runOnlyForDeploymentPostprocessing = 0;
		};
/* End PBXCopyFilesBuildPhase section */

/* Begin PBXFileReference section */
		4F265FD6AEA1D2F3F03C1105 /* Pods_VKNews.framework */ = {isa = PBXFileReference; explicitFileType = wrapper.framework; includeInIndex = 0; path = Pods_VKNews.framework; sourceTree = BUILT_PRODUCTS_DIR; };
		7E319FC2D85E443332A2D1E7 /* Pods-VKNews.debug.xcconfig */ = {isa = PBXFileReference; includeInIndex = 1; lastKnownFileType = text.xcconfig; name = "Pods-VKNews.debug.xcconfig"; path = "Target Support Files/Pods-VKNews/Pods-VKNews.debug.xcconfig"; sourceTree = "<group>"; };
		B40A7E9128267DB60028FCE6 /* NewsFeedCellLayoutCalculator.swift */ = {isa = PBXFileReference; lastKnownFileType = sourcecode.swift; path = NewsFeedCellLayoutCalculator.swift; sourceTree = "<group>"; };
		B40A7E932827CD6F0028FCE6 /* StringExtension.swift */ = {isa = PBXFileReference; lastKnownFileType = sourcecode.swift; path = StringExtension.swift; sourceTree = "<group>"; };
		B40A7E9528283C080028FCE6 /* NewsFeedCodeCell.swift */ = {isa = PBXFileReference; lastKnownFileType = sourcecode.swift; path = NewsFeedCodeCell.swift; sourceTree = "<group>"; };
		B40A7E972828424F0028FCE6 /* Constraints.swift */ = {isa = PBXFileReference; lastKnownFileType = sourcecode.swift; path = Constraints.swift; sourceTree = "<group>"; };
		B40A7E99283288730028FCE6 /* Constants.swift */ = {isa = PBXFileReference; lastKnownFileType = sourcecode.swift; path = Constants.swift; sourceTree = "<group>"; };
		B41C76362823CAE7004A59D1 /* FeedResponse.swift */ = {isa = PBXFileReference; lastKnownFileType = sourcecode.swift; path = FeedResponse.swift; sourceTree = "<group>"; };
		B41C76382823CFA4004A59D1 /* NetworkDataFetcher.swift */ = {isa = PBXFileReference; lastKnownFileType = sourcecode.swift; path = NetworkDataFetcher.swift; sourceTree = "<group>"; };
		B455807B2824426800D70DF4 /* NewsFeedPresenter.swift */ = {isa = PBXFileReference; lastKnownFileType = sourcecode.swift; path = NewsFeedPresenter.swift; sourceTree = "<group>"; };
		B455807C2824426800D70DF4 /* NewsFeedWorker.swift */ = {isa = PBXFileReference; lastKnownFileType = sourcecode.swift; path = NewsFeedWorker.swift; sourceTree = "<group>"; };
		B455807D2824426800D70DF4 /* NewsFeedRouter.swift */ = {isa = PBXFileReference; lastKnownFileType = sourcecode.swift; path = NewsFeedRouter.swift; sourceTree = "<group>"; };
		B455807E2824426800D70DF4 /* NewsFeedModels.swift */ = {isa = PBXFileReference; lastKnownFileType = sourcecode.swift; path = NewsFeedModels.swift; sourceTree = "<group>"; };
		B455807F2824426800D70DF4 /* NewsFeedViewController.swift */ = {isa = PBXFileReference; lastKnownFileType = sourcecode.swift; path = NewsFeedViewController.swift; sourceTree = "<group>"; };
		B45580802824426800D70DF4 /* NewsFeedInteractor.swift */ = {isa = PBXFileReference; lastKnownFileType = sourcecode.swift; path = NewsFeedInteractor.swift; sourceTree = "<group>"; };
		B455808A2824FA7400D70DF4 /* NewsFeedViewController.storyboard */ = {isa = PBXFileReference; lastKnownFileType = file.storyboard; path = NewsFeedViewController.storyboard; sourceTree = "<group>"; };
		B455808D28250E9A00D70DF4 /* NewsFeedCell.swift */ = {isa = PBXFileReference; lastKnownFileType = sourcecode.swift; path = NewsFeedCell.swift; sourceTree = "<group>"; };
		B455808F28250F3E00D70DF4 /* NewsFeedCell.xib */ = {isa = PBXFileReference; lastKnownFileType = file.xib; path = NewsFeedCell.xib; sourceTree = "<group>"; };
		B455809128254F8200D70DF4 /* WebImageView.swift */ = {isa = PBXFileReference; lastKnownFileType = sourcecode.swift; path = WebImageView.swift; sourceTree = "<group>"; };
		B48CEE2A281ABC4B00AF9C78 /* VKNews.app */ = {isa = PBXFileReference; explicitFileType = wrapper.application; includeInIndex = 0; path = VKNews.app; sourceTree = BUILT_PRODUCTS_DIR; };
		B48CEE2D281ABC4B00AF9C78 /* AppDelegate.swift */ = {isa = PBXFileReference; lastKnownFileType = sourcecode.swift; path = AppDelegate.swift; sourceTree = "<group>"; };
		B48CEE2F281ABC4B00AF9C78 /* SceneDelegate.swift */ = {isa = PBXFileReference; lastKnownFileType = sourcecode.swift; path = SceneDelegate.swift; sourceTree = "<group>"; };
		B48CEE36281ABC5000AF9C78 /* Assets.xcassets */ = {isa = PBXFileReference; lastKnownFileType = folder.assetcatalog; path = Assets.xcassets; sourceTree = "<group>"; };
		B48CEE39281ABC5000AF9C78 /* Base */ = {isa = PBXFileReference; lastKnownFileType = file.storyboard; name = Base; path = Base.lproj/LaunchScreen.storyboard; sourceTree = "<group>"; };
		B48CEE3B281ABC5000AF9C78 /* Info.plist */ = {isa = PBXFileReference; lastKnownFileType = text.plist.xml; path = Info.plist; sourceTree = "<group>"; };
		B48CEE47281BE3C200AF9C78 /* AuthService.swift */ = {isa = PBXFileReference; lastKnownFileType = sourcecode.swift; path = AuthService.swift; sourceTree = "<group>"; };
		B4D89058281C0EFA00563EC4 /* AuthViewController.swift */ = {isa = PBXFileReference; fileEncoding = 4; lastKnownFileType = sourcecode.swift; path = AuthViewController.swift; sourceTree = "<group>"; };
		B4D8905A281C0F0E00563EC4 /* AuthViewController.storyboard */ = {isa = PBXFileReference; fileEncoding = 4; lastKnownFileType = file.storyboard; path = AuthViewController.storyboard; sourceTree = "<group>"; };
		B4D8905D281C185100563EC4 /* NetworkService.swift */ = {isa = PBXFileReference; lastKnownFileType = sourcecode.swift; path = NetworkService.swift; sourceTree = "<group>"; };
		B4D8905F281C198900563EC4 /* API.swift */ = {isa = PBXFileReference; lastKnownFileType = sourcecode.swift; path = API.swift; sourceTree = "<group>"; };
		B4DC457B283E2E39008ACC70 /* GalleryCollectionView.swift */ = {isa = PBXFileReference; lastKnownFileType = sourcecode.swift; path = GalleryCollectionView.swift; sourceTree = "<group>"; };
		B4DC457D283E2FF1008ACC70 /* GalleryCollectionViewCell.swift */ = {isa = PBXFileReference; lastKnownFileType = sourcecode.swift; path = GalleryCollectionViewCell.swift; sourceTree = "<group>"; };
		B4DC457F283E420D008ACC70 /* RowLayout.swift */ = {isa = PBXFileReference; lastKnownFileType = sourcecode.swift; path = RowLayout.swift; sourceTree = "<group>"; };
		B4DC4582283F9A80008ACC70 /* TitleView.swift */ = {isa = PBXFileReference; lastKnownFileType = sourcecode.swift; path = TitleView.swift; sourceTree = "<group>"; };
		B4DC4584283F9C9A008ACC70 /* InsetableTextField.swift */ = {isa = PBXFileReference; lastKnownFileType = sourcecode.swift; path = InsetableTextField.swift; sourceTree = "<group>"; };
		B4DC4586283FA752008ACC70 /* UserResponse.swift */ = {isa = PBXFileReference; lastKnownFileType = sourcecode.swift; path = UserResponse.swift; sourceTree = "<group>"; };
		B50E85BC726474D518E04C3A /* Pods-VKNews.release.xcconfig */ = {isa = PBXFileReference; includeInIndex = 1; lastKnownFileType = text.xcconfig; name = "Pods-VKNews.release.xcconfig"; path = "Target Support Files/Pods-VKNews/Pods-VKNews.release.xcconfig"; sourceTree = "<group>"; };
/* End PBXFileReference section */

/* Begin PBXFrameworksBuildPhase section */
		B48CEE27281ABC4B00AF9C78 /* Frameworks */ = {
			isa = PBXFrameworksBuildPhase;
			buildActionMask = 2147483647;
			files = (
				B48CEE44281BDF5400AF9C78 /* Pods_VKNews.framework in Frameworks */,
			);
			runOnlyForDeploymentPostprocessing = 0;
		};
/* End PBXFrameworksBuildPhase section */

/* Begin PBXGroup section */
		61E657A681D79A021714E342 /* Pods */ = {
			isa = PBXGroup;
			children = (
				7E319FC2D85E443332A2D1E7 /* Pods-VKNews.debug.xcconfig */,
				B50E85BC726474D518E04C3A /* Pods-VKNews.release.xcconfig */,
			);
			path = Pods;
			sourceTree = "<group>";
		};
		B41C76352823CA2F004A59D1 /* Models */ = {
			isa = PBXGroup;
			children = (
				B41C76362823CAE7004A59D1 /* FeedResponse.swift */,
			);
			path = Models;
			sourceTree = "<group>";
		};
		B455807A2824421400D70DF4 /* NewsFeed */ = {
			isa = PBXGroup;
			children = (
				B4DC4581283F9A5F008ACC70 /* TitleView */,
				B4DC457A283E2E01008ACC70 /* GalleryView */,
				B455808C28250E6600D70DF4 /* Cells */,
				B455808A2824FA7400D70DF4 /* NewsFeedViewController.storyboard */,
				B455807F2824426800D70DF4 /* NewsFeedViewController.swift */,
				B45580802824426800D70DF4 /* NewsFeedInteractor.swift */,
				B455807B2824426800D70DF4 /* NewsFeedPresenter.swift */,
				B455807E2824426800D70DF4 /* NewsFeedModels.swift */,
				B455807C2824426800D70DF4 /* NewsFeedWorker.swift */,
				B455807D2824426800D70DF4 /* NewsFeedRouter.swift */,
			);
			path = NewsFeed;
			sourceTree = "<group>";
		};
		B4558089282442A900D70DF4 /* Support Files */ = {
			isa = PBXGroup;
			children = (
				B48CEE36281ABC5000AF9C78 /* Assets.xcassets */,
				B48CEE38281ABC5000AF9C78 /* LaunchScreen.storyboard */,
				B40A7E972828424F0028FCE6 /* Constraints.swift */,
				B48CEE2D281ABC4B00AF9C78 /* AppDelegate.swift */,
				B48CEE2F281ABC4B00AF9C78 /* SceneDelegate.swift */,
				B455809128254F8200D70DF4 /* WebImageView.swift */,
				B40A7E932827CD6F0028FCE6 /* StringExtension.swift */,
			);
			path = "Support Files";
			sourceTree = "<group>";
		};
		B455808C28250E6600D70DF4 /* Cells */ = {
			isa = PBXGroup;
			children = (
				B455808D28250E9A00D70DF4 /* NewsFeedCell.swift */,
				B455808F28250F3E00D70DF4 /* NewsFeedCell.xib */,
				B40A7E9528283C080028FCE6 /* NewsFeedCodeCell.swift */,
				B40A7E9128267DB60028FCE6 /* NewsFeedCellLayoutCalculator.swift */,
				B40A7E99283288730028FCE6 /* Constants.swift */,
			);
			path = Cells;
			sourceTree = "<group>";
		};
		B48CEE21281ABC4B00AF9C78 = {
			isa = PBXGroup;
			children = (
				B48CEE2C281ABC4B00AF9C78 /* VKNews */,
				B48CEE2B281ABC4B00AF9C78 /* Products */,
				61E657A681D79A021714E342 /* Pods */,
				B666800497A5B1E2F9E6A7FB /* Frameworks */,
			);
			sourceTree = "<group>";
		};
		B48CEE2B281ABC4B00AF9C78 /* Products */ = {
			isa = PBXGroup;
			children = (
				B48CEE2A281ABC4B00AF9C78 /* VKNews.app */,
			);
			name = Products;
			sourceTree = "<group>";
		};
		B48CEE2C281ABC4B00AF9C78 /* VKNews */ = {
			isa = PBXGroup;
			children = (
				B455807A2824421400D70DF4 /* NewsFeed */,
				B4D8905C281C0F7300563EC4 /* AuthViewController */,
				B48CEE49281BE3DC00AF9C78 /* Services */,
				B4558089282442A900D70DF4 /* Support Files */,
				B48CEE3B281ABC5000AF9C78 /* Info.plist */,
			);
			path = VKNews;
			sourceTree = "<group>";
		};
		B48CEE49281BE3DC00AF9C78 /* Services */ = {
			isa = PBXGroup;
			children = (
				B41C76352823CA2F004A59D1 /* Models */,
				B48CEE47281BE3C200AF9C78 /* AuthService.swift */,
				B4DC4586283FA752008ACC70 /* UserResponse.swift */,
				B4D8905F281C198900563EC4 /* API.swift */,
				B4D8905D281C185100563EC4 /* NetworkService.swift */,
				B41C76382823CFA4004A59D1 /* NetworkDataFetcher.swift */,
			);
			path = Services;
			sourceTree = "<group>";
		};
		B4D8905C281C0F7300563EC4 /* AuthViewController */ = {
			isa = PBXGroup;
			children = (
				B4D89058281C0EFA00563EC4 /* AuthViewController.swift */,
				B4D8905A281C0F0E00563EC4 /* AuthViewController.storyboard */,
			);
			path = AuthViewController;
			sourceTree = "<group>";
		};
		B4DC457A283E2E01008ACC70 /* GalleryView */ = {
			isa = PBXGroup;
			children = (
				B4DC457F283E420D008ACC70 /* RowLayout.swift */,
				B4DC457B283E2E39008ACC70 /* GalleryCollectionView.swift */,
				B4DC457D283E2FF1008ACC70 /* GalleryCollectionViewCell.swift */,
			);
			path = GalleryView;
			sourceTree = "<group>";
		};
		B4DC4581283F9A5F008ACC70 /* TitleView */ = {
			isa = PBXGroup;
			children = (
				B4DC4582283F9A80008ACC70 /* TitleView.swift */,
				B4DC4584283F9C9A008ACC70 /* InsetableTextField.swift */,
			);
			path = TitleView;
			sourceTree = "<group>";
		};
		B666800497A5B1E2F9E6A7FB /* Frameworks */ = {
			isa = PBXGroup;
			children = (
				4F265FD6AEA1D2F3F03C1105 /* Pods_VKNews.framework */,
			);
			name = Frameworks;
			sourceTree = "<group>";
		};
/* End PBXGroup section */

/* Begin PBXNativeTarget section */
		B48CEE29281ABC4B00AF9C78 /* VKNews */ = {
			isa = PBXNativeTarget;
			buildConfigurationList = B48CEE3E281ABC5000AF9C78 /* Build configuration list for PBXNativeTarget "VKNews" */;
			buildPhases = (
				D568005C48411990487992B1 /* [CP] Check Pods Manifest.lock */,
				B48CEE26281ABC4B00AF9C78 /* Sources */,
				B48CEE27281ABC4B00AF9C78 /* Frameworks */,
				B48CEE28281ABC4B00AF9C78 /* Resources */,
				73D911EE932EB15BA3FBC008 /* [CP] Embed Pods Frameworks */,
				B48CEE46281BDF5400AF9C78 /* Embed Frameworks */,
			);
			buildRules = (
			);
			dependencies = (
			);
			name = VKNews;
			productName = VKNews;
			productReference = B48CEE2A281ABC4B00AF9C78 /* VKNews.app */;
			productType = "com.apple.product-type.application";
		};
/* End PBXNativeTarget section */

/* Begin PBXProject section */
		B48CEE22281ABC4B00AF9C78 /* Project object */ = {
			isa = PBXProject;
			attributes = {
				BuildIndependentTargetsInParallel = 1;
				LastSwiftUpdateCheck = 1330;
				LastUpgradeCheck = 1330;
				TargetAttributes = {
					B48CEE29281ABC4B00AF9C78 = {
						CreatedOnToolsVersion = 13.3.1;
					};
				};
			};
			buildConfigurationList = B48CEE25281ABC4B00AF9C78 /* Build configuration list for PBXProject "VKNews" */;
			compatibilityVersion = "Xcode 13.0";
			developmentRegion = en;
			hasScannedForEncodings = 0;
			knownRegions = (
				en,
				Base,
			);
			mainGroup = B48CEE21281ABC4B00AF9C78;
			productRefGroup = B48CEE2B281ABC4B00AF9C78 /* Products */;
			projectDirPath = "";
			projectRoot = "";
			targets = (
				B48CEE29281ABC4B00AF9C78 /* VKNews */,
			);
		};
/* End PBXProject section */

/* Begin PBXResourcesBuildPhase section */
		B48CEE28281ABC4B00AF9C78 /* Resources */ = {
			isa = PBXResourcesBuildPhase;
			buildActionMask = 2147483647;
			files = (
				B455808B2824FA7400D70DF4 /* NewsFeedViewController.storyboard in Resources */,
				B48CEE3A281ABC5000AF9C78 /* LaunchScreen.storyboard in Resources */,
				B455809028250F3E00D70DF4 /* NewsFeedCell.xib in Resources */,
				B4D8905B281C0F0E00563EC4 /* AuthViewController.storyboard in Resources */,
				B48CEE37281ABC5000AF9C78 /* Assets.xcassets in Resources */,
			);
			runOnlyForDeploymentPostprocessing = 0;
		};
/* End PBXResourcesBuildPhase section */

/* Begin PBXShellScriptBuildPhase section */
		73D911EE932EB15BA3FBC008 /* [CP] Embed Pods Frameworks */ = {
			isa = PBXShellScriptBuildPhase;
			buildActionMask = 2147483647;
			files = (
			);
			inputFileListPaths = (
				"${PODS_ROOT}/Target Support Files/Pods-VKNews/Pods-VKNews-frameworks-${CONFIGURATION}-input-files.xcfilelist",
			);
			name = "[CP] Embed Pods Frameworks";
			outputFileListPaths = (
				"${PODS_ROOT}/Target Support Files/Pods-VKNews/Pods-VKNews-frameworks-${CONFIGURATION}-output-files.xcfilelist",
			);
			runOnlyForDeploymentPostprocessing = 0;
			shellPath = /bin/sh;
			shellScript = "\"${PODS_ROOT}/Target Support Files/Pods-VKNews/Pods-VKNews-frameworks.sh\"\n";
			showEnvVarsInLog = 0;
		};
		D568005C48411990487992B1 /* [CP] Check Pods Manifest.lock */ = {
			isa = PBXShellScriptBuildPhase;
			buildActionMask = 2147483647;
			files = (
			);
			inputFileListPaths = (
			);
			inputPaths = (
				"${PODS_PODFILE_DIR_PATH}/Podfile.lock",
				"${PODS_ROOT}/Manifest.lock",
			);
			name = "[CP] Check Pods Manifest.lock";
			outputFileListPaths = (
			);
			outputPaths = (
				"$(DERIVED_FILE_DIR)/Pods-VKNews-checkManifestLockResult.txt",
			);
			runOnlyForDeploymentPostprocessing = 0;
			shellPath = /bin/sh;
			shellScript = "diff \"${PODS_PODFILE_DIR_PATH}/Podfile.lock\" \"${PODS_ROOT}/Manifest.lock\" > /dev/null\nif [ $? != 0 ] ; then\n    # print error to STDERR\n    echo \"error: The sandbox is not in sync with the Podfile.lock. Run 'pod install' or update your CocoaPods installation.\" >&2\n    exit 1\nfi\n# This output is used by Xcode 'outputs' to avoid re-running this script phase.\necho \"SUCCESS\" > \"${SCRIPT_OUTPUT_FILE_0}\"\n";
			showEnvVarsInLog = 0;
		};
/* End PBXShellScriptBuildPhase section */

/* Begin PBXSourcesBuildPhase section */
		B48CEE26281ABC4B00AF9C78 /* Sources */ = {
			isa = PBXSourcesBuildPhase;
			buildActionMask = 2147483647;
			files = (
				B4DC4580283E420D008ACC70 /* RowLayout.swift in Sources */,
				B41C76372823CAE7004A59D1 /* FeedResponse.swift in Sources */,
				B45580822824426800D70DF4 /* NewsFeedPresenter.swift in Sources */,
				B40A7E9628283C080028FCE6 /* NewsFeedCodeCell.swift in Sources */,
				B48CEE2E281ABC4B00AF9C78 /* AppDelegate.swift in Sources */,
				B4DC457E283E2FF1008ACC70 /* GalleryCollectionViewCell.swift in Sources */,
				B45580872824426800D70DF4 /* NewsFeedInteractor.swift in Sources */,
				B4D89059281C0EFA00563EC4 /* AuthViewController.swift in Sources */,
				B48CEE30281ABC4B00AF9C78 /* SceneDelegate.swift in Sources */,
				B4D8905E281C185100563EC4 /* NetworkService.swift in Sources */,
				B41C76392823CFA4004A59D1 /* NetworkDataFetcher.swift in Sources */,
				B45580832824426800D70DF4 /* NewsFeedWorker.swift in Sources */,
				B455809228254F8200D70DF4 /* WebImageView.swift in Sources */,
				B40A7E9A283288730028FCE6 /* Constants.swift in Sources */,
				B4DC4583283F9A80008ACC70 /* TitleView.swift in Sources */,
				B45580842824426800D70DF4 /* NewsFeedRouter.swift in Sources */,
				B40A7E982828424F0028FCE6 /* Constraints.swift in Sources */,
				B4DC4587283FA752008ACC70 /* UserResponse.swift in Sources */,
				B48CEE48281BE3C200AF9C78 /* AuthService.swift in Sources */,
				B4D89060281C198900563EC4 /* API.swift in Sources */,
				B45580852824426800D70DF4 /* NewsFeedModels.swift in Sources */,
				B40A7E942827CD6F0028FCE6 /* StringExtension.swift in Sources */,
				B455808E28250E9A00D70DF4 /* NewsFeedCell.swift in Sources */,
				B4DC457C283E2E39008ACC70 /* GalleryCollectionView.swift in Sources */,
				B45580862824426800D70DF4 /* NewsFeedViewController.swift in Sources */,
				B40A7E9228267DB60028FCE6 /* NewsFeedCellLayoutCalculator.swift in Sources */,
				B4DC4585283F9C9A008ACC70 /* InsetableTextField.swift in Sources */,
			);
			runOnlyForDeploymentPostprocessing = 0;
		};
/* End PBXSourcesBuildPhase section */

/* Begin PBXVariantGroup section */
		B48CEE38281ABC5000AF9C78 /* LaunchScreen.storyboard */ = {
			isa = PBXVariantGroup;
			children = (
				B48CEE39281ABC5000AF9C78 /* Base */,
			);
			name = LaunchScreen.storyboard;
			sourceTree = "<group>";
		};
/* End PBXVariantGroup section */

/* Begin XCBuildConfiguration section */
		B48CEE3C281ABC5000AF9C78 /* Debug */ = {
			isa = XCBuildConfiguration;
			buildSettings = {
				ALWAYS_SEARCH_USER_PATHS = NO;
				CLANG_ANALYZER_NONNULL = YES;
				CLANG_ANALYZER_NUMBER_OBJECT_CONVERSION = YES_AGGRESSIVE;
				CLANG_CXX_LANGUAGE_STANDARD = "gnu++17";
				CLANG_ENABLE_MODULES = YES;
				CLANG_ENABLE_OBJC_ARC = YES;
				CLANG_ENABLE_OBJC_WEAK = YES;
				CLANG_WARN_BLOCK_CAPTURE_AUTORELEASING = YES;
				CLANG_WARN_BOOL_CONVERSION = YES;
				CLANG_WARN_COMMA = YES;
				CLANG_WARN_CONSTANT_CONVERSION = YES;
				CLANG_WARN_DEPRECATED_OBJC_IMPLEMENTATIONS = YES;
				CLANG_WARN_DIRECT_OBJC_ISA_USAGE = YES_ERROR;
				CLANG_WARN_DOCUMENTATION_COMMENTS = YES;
				CLANG_WARN_EMPTY_BODY = YES;
				CLANG_WARN_ENUM_CONVERSION = YES;
				CLANG_WARN_INFINITE_RECURSION = YES;
				CLANG_WARN_INT_CONVERSION = YES;
				CLANG_WARN_NON_LITERAL_NULL_CONVERSION = YES;
				CLANG_WARN_OBJC_IMPLICIT_RETAIN_SELF = YES;
				CLANG_WARN_OBJC_LITERAL_CONVERSION = YES;
				CLANG_WARN_OBJC_ROOT_CLASS = YES_ERROR;
				CLANG_WARN_QUOTED_INCLUDE_IN_FRAMEWORK_HEADER = YES;
				CLANG_WARN_RANGE_LOOP_ANALYSIS = YES;
				CLANG_WARN_STRICT_PROTOTYPES = YES;
				CLANG_WARN_SUSPICIOUS_MOVE = YES;
				CLANG_WARN_UNGUARDED_AVAILABILITY = YES_AGGRESSIVE;
				CLANG_WARN_UNREACHABLE_CODE = YES;
				CLANG_WARN__DUPLICATE_METHOD_MATCH = YES;
				COPY_PHASE_STRIP = NO;
				DEBUG_INFORMATION_FORMAT = dwarf;
				ENABLE_STRICT_OBJC_MSGSEND = YES;
				ENABLE_TESTABILITY = YES;
				GCC_C_LANGUAGE_STANDARD = gnu11;
				GCC_DYNAMIC_NO_PIC = NO;
				GCC_NO_COMMON_BLOCKS = YES;
				GCC_OPTIMIZATION_LEVEL = 0;
				GCC_PREPROCESSOR_DEFINITIONS = (
					"DEBUG=1",
					"$(inherited)",
				);
				GCC_WARN_64_TO_32_BIT_CONVERSION = YES;
				GCC_WARN_ABOUT_RETURN_TYPE = YES_ERROR;
				GCC_WARN_UNDECLARED_SELECTOR = YES;
				GCC_WARN_UNINITIALIZED_AUTOS = YES_AGGRESSIVE;
				GCC_WARN_UNUSED_FUNCTION = YES;
				GCC_WARN_UNUSED_VARIABLE = YES;
				IPHONEOS_DEPLOYMENT_TARGET = 15.4;
				MTL_ENABLE_DEBUG_INFO = INCLUDE_SOURCE;
				MTL_FAST_MATH = YES;
				ONLY_ACTIVE_ARCH = YES;
				SDKROOT = iphoneos;
				SWIFT_ACTIVE_COMPILATION_CONDITIONS = DEBUG;
				SWIFT_OPTIMIZATION_LEVEL = "-Onone";
			};
			name = Debug;
		};
		B48CEE3D281ABC5000AF9C78 /* Release */ = {
			isa = XCBuildConfiguration;
			buildSettings = {
				ALWAYS_SEARCH_USER_PATHS = NO;
				CLANG_ANALYZER_NONNULL = YES;
				CLANG_ANALYZER_NUMBER_OBJECT_CONVERSION = YES_AGGRESSIVE;
				CLANG_CXX_LANGUAGE_STANDARD = "gnu++17";
				CLANG_ENABLE_MODULES = YES;
				CLANG_ENABLE_OBJC_ARC = YES;
				CLANG_ENABLE_OBJC_WEAK = YES;
				CLANG_WARN_BLOCK_CAPTURE_AUTORELEASING = YES;
				CLANG_WARN_BOOL_CONVERSION = YES;
				CLANG_WARN_COMMA = YES;
				CLANG_WARN_CONSTANT_CONVERSION = YES;
				CLANG_WARN_DEPRECATED_OBJC_IMPLEMENTATIONS = YES;
				CLANG_WARN_DIRECT_OBJC_ISA_USAGE = YES_ERROR;
				CLANG_WARN_DOCUMENTATION_COMMENTS = YES;
				CLANG_WARN_EMPTY_BODY = YES;
				CLANG_WARN_ENUM_CONVERSION = YES;
				CLANG_WARN_INFINITE_RECURSION = YES;
				CLANG_WARN_INT_CONVERSION = YES;
				CLANG_WARN_NON_LITERAL_NULL_CONVERSION = YES;
				CLANG_WARN_OBJC_IMPLICIT_RETAIN_SELF = YES;
				CLANG_WARN_OBJC_LITERAL_CONVERSION = YES;
				CLANG_WARN_OBJC_ROOT_CLASS = YES_ERROR;
				CLANG_WARN_QUOTED_INCLUDE_IN_FRAMEWORK_HEADER = YES;
				CLANG_WARN_RANGE_LOOP_ANALYSIS = YES;
				CLANG_WARN_STRICT_PROTOTYPES = YES;
				CLANG_WARN_SUSPICIOUS_MOVE = YES;
				CLANG_WARN_UNGUARDED_AVAILABILITY = YES_AGGRESSIVE;
				CLANG_WARN_UNREACHABLE_CODE = YES;
				CLANG_WARN__DUPLICATE_METHOD_MATCH = YES;
				COPY_PHASE_STRIP = NO;
				DEBUG_INFORMATION_FORMAT = "dwarf-with-dsym";
				ENABLE_NS_ASSERTIONS = NO;
				ENABLE_STRICT_OBJC_MSGSEND = YES;
				GCC_C_LANGUAGE_STANDARD = gnu11;
				GCC_NO_COMMON_BLOCKS = YES;
				GCC_WARN_64_TO_32_BIT_CONVERSION = YES;
				GCC_WARN_ABOUT_RETURN_TYPE = YES_ERROR;
				GCC_WARN_UNDECLARED_SELECTOR = YES;
				GCC_WARN_UNINITIALIZED_AUTOS = YES_AGGRESSIVE;
				GCC_WARN_UNUSED_FUNCTION = YES;
				GCC_WARN_UNUSED_VARIABLE = YES;
				IPHONEOS_DEPLOYMENT_TARGET = 15.4;
				MTL_ENABLE_DEBUG_INFO = NO;
				MTL_FAST_MATH = YES;
				SDKROOT = iphoneos;
				SWIFT_COMPILATION_MODE = wholemodule;
				SWIFT_OPTIMIZATION_LEVEL = "-O";
				VALIDATE_PRODUCT = YES;
			};
			name = Release;
		};
		B48CEE3F281ABC5000AF9C78 /* Debug */ = {
			isa = XCBuildConfiguration;
			baseConfigurationReference = 7E319FC2D85E443332A2D1E7 /* Pods-VKNews.debug.xcconfig */;
			buildSettings = {
				ASSETCATALOG_COMPILER_APPICON_NAME = AppIcon;
				ASSETCATALOG_COMPILER_GLOBAL_ACCENT_COLOR_NAME = AccentColor;
				CODE_SIGN_STYLE = Automatic;
				CURRENT_PROJECT_VERSION = 1;
				DEVELOPMENT_TEAM = ZZK4T7Z935;
				GENERATE_INFOPLIST_FILE = YES;
				INFOPLIST_FILE = VKNews/Info.plist;
				INFOPLIST_KEY_UIApplicationSupportsIndirectInputEvents = YES;
				INFOPLIST_KEY_UILaunchStoryboardName = LaunchScreen;
				INFOPLIST_KEY_UISupportedInterfaceOrientations_iPad = "UIInterfaceOrientationPortrait UIInterfaceOrientationPortraitUpsideDown UIInterfaceOrientationLandscapeLeft UIInterfaceOrientationLandscapeRight";
				INFOPLIST_KEY_UISupportedInterfaceOrientations_iPhone = "UIInterfaceOrientationPortrait UIInterfaceOrientationLandscapeLeft UIInterfaceOrientationLandscapeRight";
				LD_RUNPATH_SEARCH_PATHS = (
					"$(inherited)",
					"@executable_path/Frameworks",
				);
				MARKETING_VERSION = 1.0;
				PRODUCT_BUNDLE_IDENTIFIER = home.VKNews;
				PRODUCT_NAME = "$(TARGET_NAME)";
				SWIFT_EMIT_LOC_STRINGS = YES;
				SWIFT_VERSION = 5.0;
				TARGETED_DEVICE_FAMILY = "1,2";
			};
			name = Debug;
		};
		B48CEE40281ABC5000AF9C78 /* Release */ = {
			isa = XCBuildConfiguration;
			baseConfigurationReference = B50E85BC726474D518E04C3A /* Pods-VKNews.release.xcconfig */;
			buildSettings = {
				ASSETCATALOG_COMPILER_APPICON_NAME = AppIcon;
				ASSETCATALOG_COMPILER_GLOBAL_ACCENT_COLOR_NAME = AccentColor;
				CODE_SIGN_STYLE = Automatic;
				CURRENT_PROJECT_VERSION = 1;
				DEVELOPMENT_TEAM = ZZK4T7Z935;
				GENERATE_INFOPLIST_FILE = YES;
				INFOPLIST_FILE = VKNews/Info.plist;
				INFOPLIST_KEY_UIApplicationSupportsIndirectInputEvents = YES;
				INFOPLIST_KEY_UILaunchStoryboardName = LaunchScreen;
				INFOPLIST_KEY_UISupportedInterfaceOrientations_iPad = "UIInterfaceOrientationPortrait UIInterfaceOrientationPortraitUpsideDown UIInterfaceOrientationLandscapeLeft UIInterfaceOrientationLandscapeRight";
				INFOPLIST_KEY_UISupportedInterfaceOrientations_iPhone = "UIInterfaceOrientationPortrait UIInterfaceOrientationLandscapeLeft UIInterfaceOrientationLandscapeRight";
				LD_RUNPATH_SEARCH_PATHS = (
					"$(inherited)",
					"@executable_path/Frameworks",
				);
				MARKETING_VERSION = 1.0;
				PRODUCT_BUNDLE_IDENTIFIER = home.VKNews;
				PRODUCT_NAME = "$(TARGET_NAME)";
				SWIFT_EMIT_LOC_STRINGS = YES;
				SWIFT_VERSION = 5.0;
				TARGETED_DEVICE_FAMILY = "1,2";
			};
			name = Release;
		};
/* End XCBuildConfiguration section */

/* Begin XCConfigurationList section */
		B48CEE25281ABC4B00AF9C78 /* Build configuration list for PBXProject "VKNews" */ = {
			isa = XCConfigurationList;
			buildConfigurations = (
				B48CEE3C281ABC5000AF9C78 /* Debug */,
				B48CEE3D281ABC5000AF9C78 /* Release */,
			);
			defaultConfigurationIsVisible = 0;
			defaultConfigurationName = Release;
		};
		B48CEE3E281ABC5000AF9C78 /* Build configuration list for PBXNativeTarget "VKNews" */ = {
			isa = XCConfigurationList;
			buildConfigurations = (
				B48CEE3F281ABC5000AF9C78 /* Debug */,
				B48CEE40281ABC5000AF9C78 /* Release */,
			);
			defaultConfigurationIsVisible = 0;
			defaultConfigurationName = Release;
		};
/* End XCConfigurationList section */
	};
	rootObject = B48CEE22281ABC4B00AF9C78 /* Project object */;
}
